{
  "name": "config-consul",
  "version": "1.0.0",
  "dependencies": {
    "assert": {
      "version": "1.3.0",
      "from": "assert@*",
      "resolved": "https://registry.npmjs.org/assert/-/assert-1.3.0.tgz",
      "dependencies": {
        "util": {
          "version": "0.10.3",
          "from": "util@0.10.3",
          "resolved": "https://registry.npmjs.org/util/-/util-0.10.3.tgz",
          "dependencies": {
            "inherits": {
              "version": "2.0.1",
              "from": "inherits@2.0.1",
              "resolved": "https://registry.npmjs.org/inherits/-/inherits-2.0.1.tgz"
            }
          }
        }
      }
    },
    "config": {
      "version": "1.20.1",
      "from": "config@*",
      "resolved": "https://registry.npmjs.org/config/-/config-1.20.1.tgz",
      "dependencies": {
        "json5": {
          "version": "0.4.0",
          "from": "json5@0.4.0",
          "resolved": "https://registry.npmjs.org/json5/-/json5-0.4.0.tgz"
        }
      }
    },
    "consul": {
      "version": "0.25.0",
      "from": "consul@*",
      "resolved": "https://registry.npmjs.org/consul/-/consul-0.25.0.tgz",
      "dependencies": {
        "papi": {
          "version": "0.25.1",
          "from": "papi@>=0.25.0 <0.26.0",
          "resolved": "https://registry.npmjs.org/papi/-/papi-0.25.1.tgz"
        }
      }
    },
    "deep-assign": {
      "version": "2.0.0",
      "from": "deep-assign@*",
      "resolved": "https://registry.npmjs.org/deep-assign/-/deep-assign-2.0.0.tgz",
      "dependencies": {
        "is-obj": {
          "version": "1.0.1",
          "from": "is-obj@>=1.0.0 <2.0.0",
          "resolved": "https://registry.npmjs.org/is-obj/-/is-obj-1.0.1.tgz"
        }
      }
    },
    "lodash": {
      "version": "4.11.2",
      "from": "lodash@*",
      "resolved": "https://registry.npmjs.org/lodash/-/lodash-4.11.2.tgz"
    }
  }
}
